# This file is autogenerated, do not edit; changes may be undone by the next 'dep ensure'.


[[projects]]
  name = "github.com/ynozue/lib_sample"
  packages = [
    "subpackage_A",
    "subpackage_B"
  ]
  revision = "3061ef68e52b5cefa7c721b46196b8c1656cbef8"
  version = "v1.0.0"

[solve-meta]
  analyzer-name = "dep"
  analyzer-version = 1
  inputs-digest = "db11243d117651699917c7e111bd1c3af336bfd94f1779be45129e5c002cb5b7"
  solver-name = "gps-cdcl"
  solver-version = 1
