# This file is autogenerated, do not edit; changes may be undone by the next 'dep ensure'.


[[projects]]
  name = "github.com/ynozue/lib_sample"
  packages = [
    "subpackage_A",
    "subpackage_B"
  ]
  revision = "3061ef68e52b5cefa7c721b46196b8c1656cbef8"
  version = "v1.0.0"

[solve-meta]
  analyzer-name = "dep"
  analyzer-version = 1
  inputs-digest = "affabfdf90d498aef3be35364024b8ed9e8a0a454dfd1ce90cd6373ac73204c4"
  solver-name = "gps-cdcl"
  solver-version = 1
